
Microsoft Visual Studio Solution File, Format Version 12.00
# Visual Studio Version 17
VisualStudioVersion = 17.10.34902.84
MinimumVisualStudioVersion = 10.0.40219.1
Project("{9A19103F-16F7-4668-BE54-9A1E7A4F7556}") = "MalfunctionRegister", "MalfunctionRegister\MalfunctionRegister.csproj", "{432C2FD6-8093-49A8-966E-3DD26D480A35}"
EndProject
Project("{FAE04EC0-301F-11D3-BF4B-00C04F79EFBC}") = "MalfunctionRegisterApp.AppHost", "MalfunctionRegisterApp.AppHost\MalfunctionRegisterApp.AppHost.csproj", "{E2728503-8EB4-4D5F-B57D-63924F03967D}"
EndProject
Project("{9A19103F-16F7-4668-BE54-9A1E7A4F7556}") = "MalfunctionRegisterApp.ServiceDefaults", "MalfunctionRegisterApp.ServiceDefaults\MalfunctionRegisterApp.ServiceDefaults.csproj", "{99723139-EB5D-4089-B829-60A3C78B81F0}"
EndProject
Project("{9A19103F-16F7-4668-BE54-9A1E7A4F7556}") = "MalfunctionRegisterApp.ApiService", "MalfunctionRegisterApp.ApiService\MalfunctionRegisterApp.ApiService.csproj", "{19A82AC0-0306-4A22-AB90-8C19E7456D9A}"
EndProject
Project("{9A19103F-16F7-4668-BE54-9A1E7A4F7556}") = "MalfunctionRegisterApp.Web", "MalfunctionRegisterApp.Web\MalfunctionRegisterApp.Web.csproj", "{5B118B0C-8B2A-47D8-B085-A288109D2F8D}"
EndProject
Project("{FAE04EC0-301F-11D3-BF4B-00C04F79EFBC}") = "MalfunctionRegisterApp.DataTransferObjects", "MalfunctionRegisterApp.DataTransferObjects\MalfunctionRegisterApp.DataTransferObjects.csproj", "{65685826-E01B-4246-A649-34435AEB29B8}"
EndProject
Project("{FAE04EC0-301F-11D3-BF4B-00C04F79EFBC}") = "MalfunctionRegisterApp.MigrationService", "MalfunctionRegisterApp.MigrationService\MalfunctionRegisterApp.MigrationService.csproj", "{6E6E32A5-46EC-491A-BFE3-7E36A5F44F53}"
EndProject
Project("{FAE04EC0-301F-11D3-BF4B-00C04F79EFBC}") = "MalfunctionRegisterApp.ApiModel", "MalfunctionRegisterApp.ApiModel\MalfunctionRegisterApp.ApiModel.csproj", "{CDAE286B-2972-4B77-8ABC-6D227941F135}"
EndProject
Global
	GlobalSection(SolutionConfigurationPlatforms) = preSolution
		Debug|Any CPU = Debug|Any CPU
		Release|Any CPU = Release|Any CPU
	EndGlobalSection
	GlobalSection(ProjectConfigurationPlatforms) = postSolution
		{432C2FD6-8093-49A8-966E-3DD26D480A35}.Debug|Any CPU.ActiveCfg = Debug|Any CPU
		{432C2FD6-8093-49A8-966E-3DD26D480A35}.Debug|Any CPU.Build.0 = Debug|Any CPU
		{432C2FD6-8093-49A8-966E-3DD26D480A35}.Release|Any CPU.ActiveCfg = Release|Any CPU
		{432C2FD6-8093-49A8-966E-3DD26D480A35}.Release|Any CPU.Build.0 = Release|Any CPU
		{E2728503-8EB4-4D5F-B57D-63924F03967D}.Debug|Any CPU.ActiveCfg = Debug|Any CPU
		{E2728503-8EB4-4D5F-B57D-63924F03967D}.Debug|Any CPU.Build.0 = Debug|Any CPU
		{E2728503-8EB4-4D5F-B57D-63924F03967D}.Release|Any CPU.ActiveCfg = Release|Any CPU
		{E2728503-8EB4-4D5F-B57D-63924F03967D}.Release|Any CPU.Build.0 = Release|Any CPU
		{99723139-EB5D-4089-B829-60A3C78B81F0}.Debug|Any CPU.ActiveCfg = Debug|Any CPU
		{99723139-EB5D-4089-B829-60A3C78B81F0}.Debug|Any CPU.Build.0 = Debug|Any CPU
		{99723139-EB5D-4089-B829-60A3C78B81F0}.Release|Any CPU.ActiveCfg = Release|Any CPU
		{99723139-EB5D-4089-B829-60A3C78B81F0}.Release|Any CPU.Build.0 = Release|Any CPU
		{19A82AC0-0306-4A22-AB90-8C19E7456D9A}.Debug|Any CPU.ActiveCfg = Debug|Any CPU
		{19A82AC0-0306-4A22-AB90-8C19E7456D9A}.Debug|Any CPU.Build.0 = Debug|Any CPU
		{19A82AC0-0306-4A22-AB90-8C19E7456D9A}.Release|Any CPU.ActiveCfg = Release|Any CPU
		{19A82AC0-0306-4A22-AB90-8C19E7456D9A}.Release|Any CPU.Build.0 = Release|Any CPU
		{5B118B0C-8B2A-47D8-B085-A288109D2F8D}.Debug|Any CPU.ActiveCfg = Debug|Any CPU
		{5B118B0C-8B2A-47D8-B085-A288109D2F8D}.Debug|Any CPU.Build.0 = Debug|Any CPU
		{5B118B0C-8B2A-47D8-B085-A288109D2F8D}.Release|Any CPU.ActiveCfg = Release|Any CPU
		{5B118B0C-8B2A-47D8-B085-A288109D2F8D}.Release|Any CPU.Build.0 = Release|Any CPU
		{65685826-E01B-4246-A649-34435AEB29B8}.Debug|Any CPU.ActiveCfg = Debug|Any CPU
		{65685826-E01B-4246-A649-34435AEB29B8}.Debug|Any CPU.Build.0 = Debug|Any CPU
		{65685826-E01B-4246-A649-34435AEB29B8}.Release|Any CPU.ActiveCfg = Release|Any CPU
		{65685826-E01B-4246-A649-34435AEB29B8}.Release|Any CPU.Build.0 = Release|Any CPU
		{6E6E32A5-46EC-491A-BFE3-7E36A5F44F53}.Debug|Any CPU.ActiveCfg = Debug|Any CPU
		{6E6E32A5-46EC-491A-BFE3-7E36A5F44F53}.Debug|Any CPU.Build.0 = Debug|Any CPU
		{6E6E32A5-46EC-491A-BFE3-7E36A5F44F53}.Release|Any CPU.ActiveCfg = Release|Any CPU
		{6E6E32A5-46EC-491A-BFE3-7E36A5F44F53}.Release|Any CPU.Build.0 = Release|Any CPU
		{CDAE286B-2972-4B77-8ABC-6D227941F135}.Debug|Any CPU.ActiveCfg = Debug|Any CPU
		{CDAE286B-2972-4B77-8ABC-6D227941F135}.Debug|Any CPU.Build.0 = Debug|Any CPU
		{CDAE286B-2972-4B77-8ABC-6D227941F135}.Release|Any CPU.ActiveCfg = Release|Any CPU
		{CDAE286B-2972-4B77-8ABC-6D227941F135}.Release|Any CPU.Build.0 = Release|Any CPU
	EndGlobalSection
	GlobalSection(SolutionProperties) = preSolution
		HideSolutionNode = FALSE
	EndGlobalSection
	GlobalSection(ExtensibilityGlobals) = postSolution
		SolutionGuid = {54FBF26C-0493-4D74-BCCD-D821D8E2FAD6}
	EndGlobalSection
EndGlobal
